# This file is automatically @generated by Poetry 2.2.1 and should not be changed by hand.

[[package]]
name = "cabarchive"
version = "0.2.4"
description = "A pure-python library for creating and extracting cab files"
optional = false
python-versions = "*"
groups = ["dev"]
markers = "sys_platform == \"win32\""
files = [
    {file = "cabarchive-0.2.4-py3-none-any.whl", hash = "sha256:4afabd224eb2e40af8e907379fb8eec6b0adfb71c2aef4457ec3a4d77383c059"},
    {file = "cabarchive-0.2.4.tar.gz", hash = "sha256:04f60089473114cf26eab2b7e1d09611c5bfaf8edd3202dacef66bb5c71e48cf"},
]

[[package]]
name = "cx-freeze"
version = "8.4.1"
description = "Create standalone executables from Python scripts"
optional = false
python-versions = ">=3.9"
groups = ["dev"]
files = [
    {file = "cx_freeze-8.4.1-cp310-cp310-macosx_10_9_universal2.whl", hash = "sha256:b79768c40eed5ff5ac062b97dd5da2065ffa1fc1456000f6b8d2e3bbaffd34fc"},
    {file = "cx_freeze-8.4.1-cp310-cp310-manylinux2014_x86_64.manylinux_2_17_x86_64.whl", hash = "sha256:0760d31d4a6cd50e2250468767cf4dc75fa31f8a01b7d232252db57726c7cbc9"},
    {file = "cx_freeze-8.4.1-cp310-cp310-win32.whl", hash = "sha256:51c28927d5e2d6ef19abaddb877079411ddad4ef133324537288c048e7154b12"},
    {file = "cx_freeze-8.4.1-cp310-cp310-win_amd64.whl", hash = "sha256:68f5f052c3f96927fe64e6d018e9bc9f1c9261e37515481d093f727df0398a17"},
    {file = "cx_freeze-8.4.1-cp311-cp311-macosx_10_9_universal2.whl", hash = "sha256:aebcf10170b30787dfb8127774749c33086b4b51ba85f699e3d85f5da08bdc80"},
    {file = "cx_freeze-8.4.1-cp311-cp311-manylinux2014_aarch64.manylinux_2_17_aarch64.whl", hash = "sha256:7b6a47da7ec764f5a0a4150b3d96b9dc8c79acb614361a5794724b7542731660"},
    {file = "cx_freeze-8.4.1-cp311-cp311-manylinux2014_ppc64le.manylinux_2_17_ppc64le.whl", hash = "sha256:78c2b10a6aea51fc2a640c418a97c7a0cfa99c568fb95190aaaf1497bcde2d42"},
    {file = "cx_freeze-8.4.1-cp311-cp311-manylinux2014_x86_64.manylinux_2_17_x86_64.whl", hash = "sha256:40ebd32922879177a71a26d66fa3fe514724d15617cfcbeee5b5664edc8cc2df"},
    {file = "cx_freeze-8.4.1-cp311-cp311-win32.whl", hash = "sha256:c17e38829e5043c13aa09767efd9bdb40b90a210519da79ce2e051aac8e7dad4"},
    {file = "cx_freeze-8.4.1-cp311-cp311-win_amd64.whl", hash = "sha256:84c4663e299eafdc48ecb1a761beaac35794bdf16f345d427d616d3a97c29fcc"},
    {file = "cx_freeze-8.4.1-cp311-cp311-win_arm64.whl", hash = "sha256:ac2d93edcb4f48490665d2f48d10f09b0b474b41e042e3065377b27ad7e64679"},
    {file = "cx_freeze-8.4.1-cp312-cp312-macosx_10_13_universal2.whl", hash = "sha256:833d65ce0bf5e81e3592465dfd7cce2a64b880be7e536933c7e25cd946a27a7d"},
    {file = "cx_freeze-8.4.1-cp312-cp312-manylinux2014_aarch64.manylinux_2_17_aarch64.whl", hash = "sha256:c9533d4d5362bf2d9705bed990e9b4bafcff3709373bce480ab974a7ea537832"},
    {file = "cx_freeze-8.4.1-cp312-cp312-manylinux2014_ppc64le.manylinux_2_17_ppc64le.whl", hash = "sha256:207c0387e69e81a37b507b3f67dad7833b161f13a735016e5bcee939d9eac09f"},
    {file = "cx_freeze-8.4.1-cp312-cp312-manylinux2014_x86_64.manylinux_2_17_x86_64.whl", hash = "sha256:7bd56d481185109d88bbac31762446402b161f349e443236ca04a4eef9a78f94"},
    {file = "cx_freeze-8.4.1-cp312-cp312-win32.whl", hash = "sha256:dcd573e02900c0e2baded27d3b4b08cc1edaa0aa30ccd96150d3a5e4cfa6b84e"},
    {file = "cx_freeze-8.4.1-cp312-cp312-win_amd64.whl", hash = "sha256:a01d798e4c8d14764824c38ca9c6b757eb34332d4f572173be32d9545658bd90"},
    {file = "cx_freeze-8.4.1-cp312-cp312-win_arm64.whl", hash = "sha256:6dc1c326cce8c7d0f423e11ffe70516ac132af54a02ea024a0a04142ca97c11b"},
    {file = "cx_freeze-8.4.1-cp313-cp313-macosx_10_13_universal2.whl", hash = "sha256:8729d63e0b26fa3e2d13c495a743fb3bb06d27da75859cad7474abcc86a57e57"},
    {file = "cx_freeze-8.4.1-cp313-cp313-manylinux2014_aarch64.manylinux_2_17_aarch64.whl", hash = "sha256:f1004e2ca16ce62d6cba15b6e60bd50c815547c68f5825af9c737a634d2768f7"},
    {file = "cx_freeze-8.4.1-cp313-cp313-manylinux2014_x86_64.manylinux_2_17_x86_64.whl", hash = "sha256:9526a929ae48d08db486cf596034f889fec2991e25259f5111b2f13ec82e47f8"},
    {file = "cx_freeze-8.4.1-cp313-cp313-win32.whl", hash = "sha256:d5846ca0ecb7800f7f65348b724d3b92057e85856f2cfb3eb1394810cce22e33"},
    {file = "cx_freeze-8.4.1-cp313-cp313-win_amd64.whl", hash = "sha256:61b713ffaba55e7149b03bf5bae7fa1219a4c44a90d1576d91daca66580dc7cc"},
    {file = "cx_freeze-8.4.1-cp313-cp313-win_arm64.whl", hash = "sha256:7296c3ab54f52ced3196ec926710d8acd6fbd2a1bef058ea98f774dcde80fe9b"},
    {file = "cx_freeze-8.4.1-cp313-cp313t-macosx_10_13_universal2.whl", hash = "sha256:e9d8f9b580b03c265a54151419f9e78d18b68c0b97ebbb7213c55fae0dc8e900"},
    {file = "cx_freeze-8.4.1-cp313-cp313t-manylinux2014_aarch64.manylinux_2_17_aarch64.whl", hash = "sha256:55bafacaf920b3df9e77f15b239e8969daecdddeda84f38a83eebbbe3d5e56c9"},
    {file = "cx_freeze-8.4.1-cp313-cp313t-manylinux2014_ppc64le.manylinux_2_17_ppc64le.whl", hash = "sha256:23c965af3671ff182fe83218b7bd38baa03a2d2433227bd75b7a66ea5e8048df"},
    {file = "cx_freeze-8.4.1-cp313-cp313t-manylinux2014_x86_64.manylinux_2_17_x86_64.whl", hash = "sha256:36e47446c2aec78aa915fb7df2265c97ec0b3b3ee62321bbade97d065637b6ea"},
    {file = "cx_freeze-8.4.1-cp39-cp39-macosx_10_9_universal2.whl", hash = "sha256:813b0d629b6162b353b7a80024e3a9c4d7f1a3a7aca536e13dc35ff28425fda6"},
    {file = "cx_freeze-8.4.1-cp39-cp39-manylinux2014_x86_64.manylinux_2_17_x86_64.whl", hash = "sha256:2c67e3a930839ae9216477fac48872260b75c93eb7cabfbf46c532f7c9bc7444"},
    {file = "cx_freeze-8.4.1-cp39-cp39-win32.whl", hash = "sha256:7b58353f908355be67ac2de39f5a3ae01ceeaa884a665984b6e5a5b551624b9e"},
    {file = "cx_freeze-8.4.1-cp39-cp39-win_amd64.whl", hash = "sha256:85045f80ff76a2be6b89b35a7a9f289658494c69220ef284b9cdba243f918224"},
    {file = "cx_freeze-8.4.1.tar.gz", hash = "sha256:d36e804d393aea1b4ad28cff0d8b8a562cc25ea462f06bcf6b265edbc02eecfb"},
]

[package.dependencies]
cabarchive = {version = ">=0.2.4", markers = "sys_platform == \"win32\""}
cx-logging = {version = ">=3.1", markers = "sys_platform == \"win32\" and platform_machine != \"ARM64\""}
dmgbuild = {version = ">=1.6.1", markers = "sys_platform == \"darwin\""}
filelock = ">=3.12.3"
lief = {version = ">=0.15.1,<=0.17.0", markers = "sys_platform == \"win32\""}
packaging = ">=24"
patchelf = {version = ">=0.14,<0.18", markers = "sys_platform == \"linux\" and (platform_machine == \"x86_64\" or platform_machine == \"i686\" or platform_machine == \"aarch64\" or platform_machine == \"armv7l\" or platform_machine == \"ppc64le\" or platform_machine == \"s390x\")"}
setuptools = ">=65.6.3,<=80.9.0"
striprtf = {version = ">=0.0.26", markers = "sys_platform == \"win32\""}
tomli = {version = ">=2.0.1", markers = "python_version < \"3.11\""}

[package.extras]
dev = ["bump-my-version (==1.2.3)", "cibuildwheel (==2.23.3)", "pre-commit (==4.3.0)"]
doc = ["furo (==2024.8.6) ; python_version >= \"3.11\"", "myst-parser (==4.0.1) ; python_version >= \"3.11\"", "sphinx (==8.2.3) ; python_version >= \"3.11\"", "sphinx-issues (==5.0.1) ; python_version >= \"3.11\"", "sphinx-new-tab-link (==0.8.0) ; python_version >= \"3.11\"", "sphinx-tabs (==3.4.7) ; python_version >= \"3.11\""]
tests = ["coverage (==7.10.6)", "pluggy (==1.6.0)", "pytest (==8.4.2)", "pytest-mock (==3.15.1)", "pytest-timeout (==2.4.0)", "pytest-xdist (==3.8.0)"]

[[package]]
name = "cx-logging"
version = "3.2.1"
description = "Python and C interfaces for logging"
optional = false
python-versions = ">=3.9"
groups = ["dev"]
markers = "sys_platform == \"win32\" and platform_machine != \"ARM64\""
files = [
    {file = "cx_Logging-3.2.1-cp310-cp310-manylinux_2_17_aarch64.manylinux2014_aarch64.whl", hash = "sha256:e03e6ab69b7782b30eff481cabdb12b4f4693b684c8954af773b523e64f6211b"},
    {file = "cx_Logging-3.2.1-cp310-cp310-manylinux_2_17_x86_64.manylinux2014_x86_64.whl", hash = "sha256:710ca06a6cdd56a7c8e866c70e0a4dc92453e7000355b8dca07dac008ca57b6e"},
    {file = "cx_Logging-3.2.1-cp310-cp310-win32.whl", hash = "sha256:4fb0d7c6dc9a8c403e4c62a3be87301946102d036fbe7bd66c6851225ac05a2e"},
    {file = "cx_Logging-3.2.1-cp310-cp310-win_amd64.whl", hash = "sha256:42f48fae8254b6de27710b6bfd34467fde88072d5961f67e88914d7e2bb6c13e"},
    {file = "cx_Logging-3.2.1-cp311-cp311-manylinux_2_17_aarch64.manylinux2014_aarch64.whl", hash = "sha256:f27755fbed447fc78f5e2aaf9aa2e75fd699ce0cd6e01649edd36eebe4db26e9"},
    {file = "cx_Logging-3.2.1-cp311-cp311-manylinux_2_17_x86_64.manylinux2014_x86_64.whl", hash = "sha256:1ad36493c59f452709813d8b5b34164aae7c576445e9d5758ce4dfe1ea2561ed"},
    {file = "cx_Logging-3.2.1-cp311-cp311-win32.whl", hash = "sha256:ef526f0ddeba8611942ee76f2117cebb6319a2413b4077c2c1bf0947a61b9148"},
    {file = "cx_Logging-3.2.1-cp311-cp311-win_amd64.whl", hash = "sha256:4f6366871aa70439c4e3c25c3bb3dd70e8ee98bc190fd30862d7b199948b26f8"},
    {file = "cx_Logging-3.2.1-cp312-cp312-manylinux_2_17_aarch64.manylinux2014_aarch64.whl", hash = "sha256:c2bab892db2b1c18aaea2bc3dec001a73274fc4496c2c6d749144f179a8e2041"},
    {file = "cx_Logging-3.2.1-cp312-cp312-manylinux_2_17_x86_64.manylinux2014_x86_64.whl", hash = "sha256:800ce5a99a40f091b3671f9e174a6695e4cc30193b3b1aafb7f4712459ec080c"},
    {file = "cx_Logging-3.2.1-cp312-cp312-win32.whl", hash = "sha256:3f3de06cf09d5986b39e930c213567c340b3237dfce03d8d3bf6099475eaa02e"},
    {file = "cx_Logging-3.2.1-cp312-cp312-win_amd64.whl", hash = "sha256:3452add0544db6ff29116b72a4c48761aaffa9b638728330433853c0c4ad2ea1"},
    {file = "cx_Logging-3.2.1-cp313-cp313-manylinux_2_17_aarch64.manylinux2014_aarch64.whl", hash = "sha256:15e9eee263168f2015cbc7e921775d6f08db15b127c3c48b23080ec190f2bc66"},
    {file = "cx_Logging-3.2.1-cp313-cp313-manylinux_2_17_x86_64.manylinux2014_x86_64.whl", hash = "sha256:9418ca19ef435865815f3c60f60412993cf6823fe99882c9c8adeaaabe61ea07"},
    {file = "cx_Logging-3.2.1-cp313-cp313-win32.whl", hash = "sha256:330a29030bdca8795c99b678b4f6d87a75fb606eed1da206fdd9fa579a33dc21"},
    {file = "cx_Logging-3.2.1-cp313-cp313-win_amd64.whl", hash = "sha256:e14748b031522a95aa2db4adfc5f2be5f96f4d0fe687da591114f73a09e66926"},
    {file = "cx_Logging-3.2.1-cp39-cp39-manylinux_2_17_aarch64.manylinux2014_aarch64.whl", hash = "sha256:d57d9633671be935b83be86c43309f261fbe8ea5da704d96756999ede727f1e9"},
    {file = "cx_Logging-3.2.1-cp39-cp39-manylinux_2_17_x86_64.manylinux2014_x86_64.whl", hash = "sha256:12b37b33478a37c34cf5afa976ccf5bc441f13781f60f0dd206a4ab63cccf24a"},
    {file = "cx_Logging-3.2.1-cp39-cp39-win32.whl", hash = "sha256:8f4d60a1a1508e88f2dab78494a1a8fd417ce335f94c01b0d443560cf8838115"},
    {file = "cx_Logging-3.2.1-cp39-cp39-win_amd64.whl", hash = "sha256:26b707221077119606195fc14a65df2f21bd7bea78b383528ae8df4ea4298246"},
    {file = "cx_logging-3.2.1.tar.gz", hash = "sha256:812665ae5012680a6fe47095c3772bce638e47cf05b2c3483db3bdbe6b06da44"},
]

[[package]]
name = "dmgbuild"
version = "1.6.5"
description = "macOS command line utility to build disk images"
optional = false
python-versions = ">=3.9"
groups = ["dev"]
markers = "sys_platform == \"darwin\""
files = [
    {file = "dmgbuild-1.6.5-py3-none-any.whl", hash = "sha256:e19ab8c5e8238e6455d9ccb9175817be7fd62b9cdd1eef20f63dd88e0ec469ab"},
    {file = "dmgbuild-1.6.5.tar.gz", hash = "sha256:c5cbeec574bad84a324348aa7c36d4aada04568c99fb104dec18d22ba3259f45"},
]

[package.dependencies]
ds_store = ">=1.1.0"
mac_alias = ">=2.0.1"

[package.extras]
dev = ["coverage (==7.7.0)", "pre-commit (==4.1.0)", "pytest (==8.3.5)", "tox (==4.24.2)"]
docs = ["furo (==2024.8.6)", "sphinx (==8.2.3)", "sphinx-autobuild (==2024.10.3)"]

[[package]]
name = "ds-store"
version = "1.3.1"
description = "Manipulate Finder .DS_Store files from Python"
optional = false
python-versions = ">=3.7"
groups = ["dev"]
markers = "sys_platform == \"darwin\""
files = [
    {file = "ds_store-1.3.1-py3-none-any.whl", hash = "sha256:fbacbb0bd5193ab3e66e5a47fff63619f15e374ffbec8ae29744251a6c8f05b5"},
    {file = "ds_store-1.3.1.tar.gz", hash = "sha256:c27d413caf13c19acb85d75da4752673f1f38267f9eb6ba81b3b5aa99c2d207c"},
]

[package.dependencies]
mac-alias = ">=2.0.1"

[package.extras]
dev = ["pre-commit", "tox"]
docs = ["sphinx", "sphinx-autobuild", "sphinx-rtd-theme"]
test = ["pytest", "pytest-cov", "pytest-tldr"]

[[package]]
name = "filelock"
version = "3.19.1"
description = "A platform independent file lock."
optional = false
python-versions = ">=3.9"
groups = ["dev"]
files = [
    {file = "filelock-3.19.1-py3-none-any.whl", hash = "sha256:d38e30481def20772f5baf097c122c3babc4fcdb7e14e57049eb9d88c6dc017d"},
    {file = "filelock-3.19.1.tar.gz", hash = "sha256:66eda1888b0171c998b35be2bcc0f6d75c388a7ce20c3f3f37aa8e96c2dddf58"},
]

[[package]]
name = "icecipher"
version = "1.0"
description = "ICE cipher for Python"
optional = false
python-versions = "*"
groups = ["main"]
files = [
    {file = "ICECipher-1.0-py3-none-any.whl", hash = "sha256:27ddb90ac0ff336bdf48c7009d60cd86aaff04a02b2d078a3921b3251f7536c6"},
    {file = "icecipher-1.0.tar.gz", hash = "sha256:54893f53d67a699ce7a2fd7464a203494cfa059b54d43b92238669d5b7b495fe"},
]

[[package]]
name = "lief"
version = "0.17.0"
description = "Library to instrument executable formats"
optional = false
python-versions = ">=3.8"
groups = ["dev"]
markers = "sys_platform == \"win32\""
files = [
    {file = "lief-0.17.0-cp310-cp310-macosx_11_0_arm64.whl", hash = "sha256:2eba6a8d1b52ec98a4bb73b18b83c394f038ab86ebe59e02ae12b13c96b1bd7c"},
    {file = "lief-0.17.0-cp310-cp310-macosx_11_0_x86_64.whl", hash = "sha256:7a4a0276861c86c191bfc9668f172de1fc0c7ffda13a212395a57432392c8638"},
    {file = "lief-0.17.0-cp310-cp310-manylinux2014_aarch64.whl", hash = "sha256:35612f424d21612ca21a5b5b97fe42d1fc6928aa250c8bbf39e8eb7f83c67175"},
    {file = "lief-0.17.0-cp310-cp310-manylinux_2_28_i686.whl", hash = "sha256:d5f3b87aef3817ba2ed226ff263bc37d85acc262d18367bc36839922e2866ced"},
    {file = "lief-0.17.0-cp310-cp310-manylinux_2_28_x86_64.whl", hash = "sha256:86334c239da1fe30acad7eb341d525c611b040017b8480bc7fddad8508a0a064"},
    {file = "lief-0.17.0-cp310-cp310-musllinux_1_2_aarch64.whl", hash = "sha256:f3e918f80fcdc2d9e7d6b20805720db4a64abb5b797c620ff6c6e76d3ec4cf0a"},
    {file = "lief-0.17.0-cp310-cp310-musllinux_1_2_i686.whl", hash = "sha256:2f661e0ff4d6ea8964ae079d46510c040bb0bfe24b760ed7ed93154d4ffa4f36"},
    {file = "lief-0.17.0-cp310-cp310-musllinux_1_2_x86_64.whl", hash = "sha256:1893c42e32c675ce6d304936605ab28bbd63642a87a89e196eaee9b092280e42"},
    {file = "lief-0.17.0-cp310-cp310-win32.whl", hash = "sha256:838a1a837288088ad9cb548b5dac49b3290da72279f3f833bf6e712ccff36749"},
    {file = "lief-0.17.0-cp310-cp310-win_amd64.whl", hash = "sha256:c3829edaa0fe8487e58d1af7580cbfabd58f19f67edb45d6ae907ae9487aab9e"},
    {file = "lief-0.17.0-cp311-cp311-macosx_11_0_arm64.whl", hash = "sha256:5634aaaf3381c409284229dd7b9987e847f96cda38d14a8861e979cfdf7c789f"},
    {file = "lief-0.17.0-cp311-cp311-macosx_11_0_x86_64.whl", hash = "sha256:c491b40224bdc357c92f76179889c12ac3121b94f665e39827694b6665d0b656"},
    {file = "lief-0.17.0-cp311-cp311-manylinux2014_aarch64.whl", hash = "sha256:1c0737b38413d2e353bec2fb4928f2a3bd434fc69415d6a5d88a799fd2b193b7"},
    {file = "lief-0.17.0-cp311-cp311-manylinux_2_28_i686.whl", hash = "sha256:9346d4916301e43c1d4ebb20cd90656ef52e30bfb0fbc181c247979b533da333"},
    {file = "lief-0.17.0-cp311-cp311-manylinux_2_28_x86_64.whl", hash = "sha256:c0ca980c27339611ea496f3405dc33cb21db6c61ed590ca615f239a4ce8545dc"},
    {file = "lief-0.17.0-cp311-cp311-musllinux_1_2_aarch64.whl", hash = "sha256:4ca2d4e1e1c24dd1806b50b181c596af98ac40486032f2b8ca82d15e5beb771e"},
    {file = "lief-0.17.0-cp311-cp311-musllinux_1_2_i686.whl", hash = "sha256:56db6556f68d51202f9a64f89492de8bc559629ce5ee60f2d3b7e2af81c77a60"},
    {file = "lief-0.17.0-cp311-cp311-musllinux_1_2_x86_64.whl", hash = "sha256:fc0114040f3518fdc97a4fc8aa626131da39d63ca28a3d898fd93f475b2b584a"},
    {file = "lief-0.17.0-cp311-cp311-win32.whl", hash = "sha256:d28c65782b91a3b65dc4337a29490b03cc8a2693eff2a9d41049b20e63608c12"},
    {file = "lief-0.17.0-cp311-cp311-win_amd64.whl", hash = "sha256:b6680261786d3c27236a6334c441be81230bf2c425f28155b9dcf51aa87720f8"},
    {file = "lief-0.17.0-cp311-cp311-win_arm64.whl", hash = "sha256:2a7c8045993470e21300ec590a9e64f02215e789f29c04b9c65ebdff68a45f22"},
    {file = "lief-0.17.0-cp312-cp312-macosx_11_0_arm64.whl", hash = "sha256:b3314afd2c8739b2891cae666cd4bb08e14aa0b4c5b08f012a09e82ff362bd36"},
    {file = "lief-0.17.0-cp312-cp312-macosx_11_0_x86_64.whl", hash = "sha256:1bba12f5c20486d9f463bd999705c537a12976b9e3912388b232e8d12ae41c6c"},
    {file = "lief-0.17.0-cp312-cp312-manylinux2014_aarch64.whl", hash = "sha256:4899be50a745de11dd35de6b1bfbaac2afa4c62bf14153ffc7b6acb39abb9605"},
    {file = "lief-0.17.0-cp312-cp312-manylinux_2_28_i686.whl", hash = "sha256:35b18177821142c9b5ad657e7fbd7f82a9540246fec6ef3876cff9fe8086e4dc"},
    {file = "lief-0.17.0-cp312-cp312-manylinux_2_28_x86_64.whl", hash = "sha256:87ebee7d2fb130750c611a6d9eac614463eb58e82b54695f2c48a9aa3402cd56"},
    {file = "lief-0.17.0-cp312-cp312-musllinux_1_2_aarch64.whl", hash = "sha256:580c4f5370f569591f39a10c442a0d2333b895e457247c133e81020dfafd7e26"},
    {file = "lief-0.17.0-cp312-cp312-musllinux_1_2_i686.whl", hash = "sha256:36d7fcdcfb3136eb8dbaaa1b200026c7c16b78102ed402de54065a777016feb5"},
    {file = "lief-0.17.0-cp312-cp312-musllinux_1_2_x86_64.whl", hash = "sha256:77a541669af2a4373e518961c1ead16695c6bfe942f95e0454439e52d50a4c25"},
    {file = "lief-0.17.0-cp312-cp312-win32.whl", hash = "sha256:38e9b4d340158f2399dc00700899606c825dc9437809e8a69133496b6ee39db8"},
    {file = "lief-0.17.0-cp312-cp312-win_amd64.whl", hash = "sha256:33820c66288d447772153c7c9cab356cbb693b5ea0f87bb49e682aa919e08830"},
    {file = "lief-0.17.0-cp312-cp312-win_arm64.whl", hash = "sha256:7198558b3f1803e361a38fc26142d60f3d24b08d9b1811a046ced3ed0fa233b9"},
    {file = "lief-0.17.0-cp313-cp313-macosx_11_0_arm64.whl", hash = "sha256:580f09dfa152d8a15f2cce6578f0a945b0e5ba6148de614857620b087c62fbdd"},
    {file = "lief-0.17.0-cp313-cp313-macosx_11_0_x86_64.whl", hash = "sha256:d97c08dbfbb8a380347ca45b1f3efcf56f0d54d149e12d1cf16ad40abe039afd"},
    {file = "lief-0.17.0-cp313-cp313-manylinux2014_aarch64.whl", hash = "sha256:044e77a80e00bd242f358744ddb98f50ada5c0a50091016d66ae02f4a6baf694"},
    {file = "lief-0.17.0-cp313-cp313-manylinux_2_28_i686.whl", hash = "sha256:aea5b7f108e0ebef75fc3b081d6a72e9a7bd4bae5ac5b4d97fe001292fefec9d"},
    {file = "lief-0.17.0-cp313-cp313-manylinux_2_28_x86_64.whl", hash = "sha256:bcdcc52ee83bc2a16229d0df6595199576725db4555e35ac880852b7576534ed"},
    {file = "lief-0.17.0-cp313-cp313-musllinux_1_2_aarch64.whl", hash = "sha256:cd2d0e1960ee314c7930911b527228926f4ff2dcef3ca22a4b411cb7054f0d66"},
    {file = "lief-0.17.0-cp313-cp313-musllinux_1_2_i686.whl", hash = "sha256:f4d0e264368b54e54796e56b578681c3bd5eeef7c2d280acaaa918d896883aaf"},
    {file = "lief-0.17.0-cp313-cp313-musllinux_1_2_x86_64.whl", hash = "sha256:89506b0a4a262bf9cefaaaaa628c2ffbf0857b8d1056e6a9fca24748470a4485"},
    {file = "lief-0.17.0-cp313-cp313-win32.whl", hash = "sha256:340155975e25ed68f39fb43b0023cb8571f3171da1b3e6fa7a40441c4e547208"},
    {file = "lief-0.17.0-cp313-cp313-win_amd64.whl", hash = "sha256:467b25c857239271077c5ac9d97d8c1fb0282ce84096f2518ef03c244660ef10"},
    {file = "lief-0.17.0-cp313-cp313-win_arm64.whl", hash = "sha256:112773fb27ba0ccf1abfd62e5e7e9ca8332d46990304c8286613e22c6ab0f5e4"},
    {file = "lief-0.17.0-cp314-cp314-macosx_11_0_arm64.whl", hash = "sha256:4c1e2774a68f8d78043a684675e700c978656efdfbceb5177e262e7b93aa2e41"},
    {file = "lief-0.17.0-cp314-cp314-macosx_11_0_x86_64.whl", hash = "sha256:630df2bc20c531ca5610db4a2ca393fab4699a6834ff6d7b937eb795d72592c7"},
    {file = "lief-0.17.0-cp314-cp314-manylinux2014_aarch64.whl", hash = "sha256:7b5dc554f0ac995fe5d4e99e1f0387799446a9615830723d9810b4fd8da3c8ab"},
    {file = "lief-0.17.0-cp314-cp314-manylinux_2_28_i686.whl", hash = "sha256:ed0ffe35bb18c965476cc71a5329538d615ef2708dd0aec19f2c6d914f6d0db5"},
    {file = "lief-0.17.0-cp314-cp314-manylinux_2_28_x86_64.whl", hash = "sha256:f8a33db4573bedae481431fa31d608178af99b6f94e409b6b27c3f5b8067a6b7"},
    {file = "lief-0.17.0-cp314-cp314-musllinux_1_2_aarch64.whl", hash = "sha256:b306e2c34baa7a1d5a061b828f88a5fc0d008992b76d972305c52529f17623e6"},
    {file = "lief-0.17.0-cp314-cp314-musllinux_1_2_i686.whl", hash = "sha256:298dd958aa80f54073a2683d964b892e7156c171095a77eb8a16c8c9d05e3bde"},
    {file = "lief-0.17.0-cp314-cp314-musllinux_1_2_x86_64.whl", hash = "sha256:de2d838238c4e578bf53627fe9290cdc2f537dcb19b37075e56fab538320b026"},
    {file = "lief-0.17.0-cp314-cp314-win32.whl", hash = "sha256:dc6567e75247bf3dd0db14b8b2b6d9423a3790244a9c6cbf38c7391344e56179"},
    {file = "lief-0.17.0-cp314-cp314-win_amd64.whl", hash = "sha256:e543273dcd52dfe48f08a1a0f32eb2ee24601485cf82de7b7d54a1e56d8aa6c7"},
    {file = "lief-0.17.0-cp38-cp38-macosx_11_0_arm64.whl", hash = "sha256:e5057a509eb514c8284b282af2228c13ba15973d925ccb2747f488ab6c7b4f97"},
    {file = "lief-0.17.0-cp38-cp38-macosx_11_0_x86_64.whl", hash = "sha256:276d6b1551bbaea230c23f6e4a829d6f6c9fd8568de5f3c893fe381213f898ed"},
    {file = "lief-0.17.0-cp38-cp38-manylinux2014_aarch64.whl", hash = "sha256:3882aefeaad59815e605c2e10c38908b96b27800005525c5d8bc0371d115b0d6"},
    {file = "lief-0.17.0-cp38-cp38-manylinux_2_28_i686.whl", hash = "sha256:0c4a820d8ef1e7bd53c0613bc4e00e80663680441fb37218e6e7a273d91d92f7"},
    {file = "lief-0.17.0-cp38-cp38-manylinux_2_28_x86_64.whl", hash = "sha256:fcbf36f9e41e083f9405f89e5c5c7e31ab8145bd1a5d0830e16d99eb368ca826"},
    {file = "lief-0.17.0-cp38-cp38-musllinux_1_2_aarch64.whl", hash = "sha256:c05f5a130bbb36b943d10a03b66f86293d99a886f83eff6c5efaf6b8b0e48c31"},
    {file = "lief-0.17.0-cp38-cp38-musllinux_1_2_i686.whl", hash = "sha256:0496c899ddd6c4c5faf31432ad06a963f5ecef6cab70902bed02b53c41151935"},
    {file = "lief-0.17.0-cp38-cp38-musllinux_1_2_x86_64.whl", hash = "sha256:0b25ef9cfcfeebab42e51e09da01fda26ea2d847a3b568e51669e900706a4926"},
    {file = "lief-0.17.0-cp38-cp38-win32.whl", hash = "sha256:a86ca76e834887019eeb3163bf2953b90a6e7518d4c0793e7f2ff2e8e8fa9585"},
    {file = "lief-0.17.0-cp38-cp38-win_amd64.whl", hash = "sha256:bb977aaf049fa3e67c9757037dd8bd70140759d43b9a0a2b9dd055a18ba5fd9f"},
    {file = "lief-0.17.0-cp39-cp39-macosx_11_0_arm64.whl", hash = "sha256:c6611056d3aab185fdda95b20e9fc406d7a79e165ab3c40cbadcd0fb49b1e232"},
    {file = "lief-0.17.0-cp39-cp39-macosx_11_0_x86_64.whl", hash = "sha256:3f5a06405c2f837f921da6223e694efc1a3a8800946a38cc5cec6f7eadf4e4c8"},
    {file = "lief-0.17.0-cp39-cp39-manylinux2014_aarch64.whl", hash = "sha256:de370a6c4c861f67ca19718b7f4645eae5000bfe70a69bfa9172fbb84f86370c"},
    {file = "lief-0.17.0-cp39-cp39-manylinux_2_28_i686.whl", hash = "sha256:536e458043529fced8415158296db5768b377b6f60900c9efc79a4ff827e08a9"},
    {file = "lief-0.17.0-cp39-cp39-manylinux_2_28_x86_64.whl", hash = "sha256:b7e71c8b41a9af4d4d973bcf29b8a8970e2d2df94065d3ff043e53f4910d5c08"},
    {file = "lief-0.17.0-cp39-cp39-musllinux_1_2_aarch64.whl", hash = "sha256:0867d6f06caaae5a9df38b493f66db409b9b8af0277d7b4373f27146d1dd9134"},
    {file = "lief-0.17.0-cp39-cp39-musllinux_1_2_i686.whl", hash = "sha256:d6f399793c386a349ffdeb908563fc5b0e107504fcfb1acd84776dac33031239"},
    {file = "lief-0.17.0-cp39-cp39-musllinux_1_2_x86_64.whl", hash = "sha256:fb36b4d992dfc8dc592aeda6178dbf0ee51814a4ca49f84b569909cdc27089b0"},
    {file = "lief-0.17.0-cp39-cp39-win32.whl", hash = "sha256:fde04c8fe340358f35c94735405522437e13a52e91619b3ea643027d2f321b22"},
    {file = "lief-0.17.0-cp39-cp39-win_amd64.whl", hash = "sha256:c84267d47f776dbe2f2cac56f0b038dc43c13d2d9b9a077fce796adbe3dcc4de"},
]

[[package]]
name = "mac-alias"
version = "2.2.2"
description = "Generate/parse Mac OS Alias records from Python"
optional = false
python-versions = ">=3.7"
groups = ["dev"]
markers = "sys_platform == \"darwin\""
files = [
    {file = "mac_alias-2.2.2-py3-none-any.whl", hash = "sha256:504ab8ac546f35bbd75ad014d6ad977c426660aa721f2cd3acf3dc2f664141bd"},
    {file = "mac_alias-2.2.2.tar.gz", hash = "sha256:c99c728eb512e955c11f1a6203a0ffa8883b26549e8afe68804031aa5da856b7"},
]

[package.extras]
dev = ["pre-commit", "tox"]
docs = ["sphinx", "sphinx-autobuild", "sphinx-rtd-theme"]
test = ["pytest", "pytest-cov", "pytest-tldr"]

[[package]]
name = "packaging"
version = "25.0"
description = "Core utilities for Python packages"
optional = false
python-versions = ">=3.8"
groups = ["dev"]
files = [
    {file = "packaging-25.0-py3-none-any.whl", hash = "sha256:29572ef2b1f17581046b3a2227d5c611fb25ec70ca1ba8554b24b0e69331a484"},
    {file = "packaging-25.0.tar.gz", hash = "sha256:d443872c98d677bf60f6a1f2f8c1cb748e8fe762d2bf9d3148b5599295b0fc4f"},
]

[[package]]
name = "patchelf"
version = "0.17.2.4"
description = "A small utility to modify the dynamic linker and RPATH of ELF executables."
optional = false
python-versions = ">=3.7"
groups = ["dev"]
markers = "sys_platform == \"linux\" and (platform_machine == \"x86_64\" or platform_machine == \"i686\" or platform_machine == \"aarch64\" or platform_machine == \"armv7l\" or platform_machine == \"ppc64le\" or platform_machine == \"s390x\")"
files = [
    {file = "patchelf-0.17.2.4-py3-none-macosx_10_9_universal2.whl", hash = "sha256:343bb1b94e959f9070ca9607453b04390e36bbaa33c88640b989cefad0aa049e"},
    {file = "patchelf-0.17.2.4-py3-none-manylinux1_i686.manylinux_2_5_i686.musllinux_1_1_i686.whl", hash = "sha256:09fd848d625a165fc7b7e07745508c24077129b019c4415a882938781d43adf8"},
    {file = "patchelf-0.17.2.4-py3-none-manylinux1_x86_64.manylinux_2_5_x86_64.musllinux_1_1_x86_64.whl", hash = "sha256:d9b35ebfada70c02679ad036407d9724ffe1255122ba4ac5e4be5868618a5689"},
    {file = "patchelf-0.17.2.4-py3-none-manylinux2014_aarch64.manylinux_2_17_aarch64.musllinux_1_1_aarch64.whl", hash = "sha256:2931a1b5b85f3549661898af7bf746afbda7903c7c9a967cfc998a3563f84fad"},
    {file = "patchelf-0.17.2.4-py3-none-manylinux2014_armv7l.manylinux_2_17_armv7l.musllinux_1_1_armv7l.whl", hash = "sha256:ae44cb3c857d50f54b99e5697aa978726ada33a8a6129d4b8b7ffd28b996652d"},
    {file = "patchelf-0.17.2.4-py3-none-manylinux2014_ppc64le.manylinux_2_17_ppc64le.musllinux_1_1_ppc64le.whl", hash = "sha256:680a266a70f60a7a4f4c448482c5bdba80cc8e6bb155a49dcc24238ba49927b0"},
    {file = "patchelf-0.17.2.4-py3-none-manylinux2014_s390x.manylinux_2_17_s390x.musllinux_1_1_s390x.whl", hash = "sha256:d842b51f0401460f3b1f3a3a67d2c266a8f515a5adfbfa6e7b656cb3ac2ed8bc"},
    {file = "patchelf-0.17.2.4-py3-none-manylinux_2_31_riscv64.musllinux_1_1_riscv64.whl", hash = "sha256:7076d9e127230982e20a81a6e2358d3343004667ba510d9f822d4fdee29b0d71"},
    {file = "patchelf-0.17.2.4.tar.gz", hash = "sha256:970ee5cd8af33e5ea2099510b2f9013fa1b8d5cd763bf3fd3961281c18101a09"},
]

[package.extras]
test = ["importlib_metadata (>=2.0)", "pytest (>=6.0)"]

[[package]]
name = "setuptools"
version = "80.9.0"
description = "Easily download, build, install, upgrade, and uninstall Python packages"
optional = false
python-versions = ">=3.9"
groups = ["dev"]
files = [
    {file = "setuptools-80.9.0-py3-none-any.whl", hash = "sha256:062d34222ad13e0cc312a4c02d73f059e86a4acbfbdea8f8f76b28c99f306922"},
    {file = "setuptools-80.9.0.tar.gz", hash = "sha256:f36b47402ecde768dbfafc46e8e4207b4360c654f1f3bb84475f0a28628fb19c"},
]

[package.extras]
check = ["pytest-checkdocs (>=2.4)", "pytest-ruff (>=0.2.1) ; sys_platform != \"cygwin\"", "ruff (>=0.8.0) ; sys_platform != \"cygwin\""]
core = ["importlib_metadata (>=6) ; python_version < \"3.10\"", "jaraco.functools (>=4)", "jaraco.text (>=3.7)", "more_itertools", "more_itertools (>=8.8)", "packaging (>=24.2)", "platformdirs (>=4.2.2)", "tomli (>=2.0.1) ; python_version < \"3.11\"", "wheel (>=0.43.0)"]
cover = ["pytest-cov"]
doc = ["furo", "jaraco.packaging (>=9.3)", "jaraco.tidelift (>=1.4)", "pygments-github-lexers (==0.0.5)", "pyproject-hooks (!=1.1)", "rst.linker (>=1.9)", "sphinx (>=3.5)", "sphinx-favicon", "sphinx-inline-tabs", "sphinx-lint", "sphinx-notfound-page (>=1,<2)", "sphinx-reredirects", "sphinxcontrib-towncrier", "towncrier (<24.7)"]
enabler = ["pytest-enabler (>=2.2)"]
test = ["build[virtualenv] (>=1.0.3)", "filelock (>=3.4.0)", "ini2toml[lite] (>=0.14)", "jaraco.develop (>=7.21) ; python_version >= \"3.9\" and sys_platform != \"cygwin\"", "jaraco.envs (>=2.2)", "jaraco.path (>=3.7.2)", "jaraco.test (>=5.5)", "packaging (>=24.2)", "pip (>=19.1)", "pyproject-hooks (!=1.1)", "pytest (>=6,!=8.1.*)", "pytest-home (>=0.5)", "pytest-perf ; sys_platform != \"cygwin\"", "pytest-subprocess", "pytest-timeout", "pytest-xdist (>=3)", "tomli-w (>=1.0.0)", "virtualenv (>=13.0.0)", "wheel (>=0.44.0)"]
type = ["importlib_metadata (>=7.0.2) ; python_version < \"3.10\"", "jaraco.develop (>=7.21) ; sys_platform != \"cygwin\"", "mypy (==1.14.*)", "pytest-mypy"]

[[package]]
name = "striprtf"
version = "0.0.29"
description = "A simple library to convert rtf to text"
optional = false
python-versions = ">=3.8"
groups = ["dev"]
markers = "sys_platform == \"win32\""
files = [
    {file = "striprtf-0.0.29-py3-none-any.whl", hash = "sha256:0fc6a41999d015358d19627776b616424dd501ad698105c81d76734d1e14d91b"},
    {file = "striprtf-0.0.29.tar.gz", hash = "sha256:5a822d075e17417934ed3add6fc79b5fc8fb544fe4370b2f894cdd28f0ddd78e"},
]

[package.extras]
dev = ["build (>=1.0.0)", "pytest (>=7.0.0)"]

[[package]]
name = "tomli"
version = "2.3.0"
description = "A lil' TOML parser"
optional = false
python-versions = ">=3.8"
groups = ["dev"]
markers = "python_version < \"3.11\""
files = [
    {file = "tomli-2.3.0-cp311-cp311-macosx_10_9_x86_64.whl", hash = "sha256:88bd15eb972f3664f5ed4b57c1634a97153b4bac4479dcb6a495f41921eb7f45"},
    {file = "tomli-2.3.0-cp311-cp311-macosx_11_0_arm64.whl", hash = "sha256:883b1c0d6398a6a9d29b508c331fa56adbcdff647f6ace4dfca0f50e90dfd0ba"},
    {file = "tomli-2.3.0-cp311-cp311-manylinux2014_aarch64.manylinux_2_17_aarch64.manylinux_2_28_aarch64.whl", hash = "sha256:d1381caf13ab9f300e30dd8feadb3de072aeb86f1d34a8569453ff32a7dea4bf"},
    {file = "tomli-2.3.0-cp311-cp311-manylinux2014_x86_64.manylinux_2_17_x86_64.manylinux_2_28_x86_64.whl", hash = "sha256:a0e285d2649b78c0d9027570d4da3425bdb49830a6156121360b3f8511ea3441"},
    {file = "tomli-2.3.0-cp311-cp311-musllinux_1_2_aarch64.whl", hash = "sha256:0a154a9ae14bfcf5d8917a59b51ffd5a3ac1fd149b71b47a3a104ca4edcfa845"},
    {file = "tomli-2.3.0-cp311-cp311-musllinux_1_2_x86_64.whl", hash = "sha256:74bf8464ff93e413514fefd2be591c3b0b23231a77f901db1eb30d6f712fc42c"},
    {file = "tomli-2.3.0-cp311-cp311-win32.whl", hash = "sha256:00b5f5d95bbfc7d12f91ad8c593a1659b6387b43f054104cda404be6bda62456"},
    {file = "tomli-2.3.0-cp311-cp311-win_amd64.whl", hash = "sha256:4dc4ce8483a5d429ab602f111a93a6ab1ed425eae3122032db7e9acf449451be"},
    {file = "tomli-2.3.0-cp312-cp312-macosx_10_13_x86_64.whl", hash = "sha256:d7d86942e56ded512a594786a5ba0a5e521d02529b3826e7761a05138341a2ac"},
    {file = "tomli-2.3.0-cp312-cp312-macosx_11_0_arm64.whl", hash = "sha256:73ee0b47d4dad1c5e996e3cd33b8a76a50167ae5f96a2607cbe8cc773506ab22"},
    {file = "tomli-2.3.0-cp312-cp312-manylinux2014_aarch64.manylinux_2_17_aarch64.manylinux_2_28_aarch64.whl", hash = "sha256:792262b94d5d0a466afb5bc63c7daa9d75520110971ee269152083270998316f"},
    {file = "tomli-2.3.0-cp312-cp312-manylinux2014_x86_64.manylinux_2_17_x86_64.manylinux_2_28_x86_64.whl", hash = "sha256:4f195fe57ecceac95a66a75ac24d9d5fbc98ef0962e09b2eddec5d39375aae52"},
    {file = "tomli-2.3.0-cp312-cp312-musllinux_1_2_aarch64.whl", hash = "sha256:e31d432427dcbf4d86958c184b9bfd1e96b5b71f8eb17e6d02531f434fd335b8"},
    {file = "tomli-2.3.0-cp312-cp312-musllinux_1_2_x86_64.whl", hash = "sha256:7b0882799624980785240ab732537fcfc372601015c00f7fc367c55308c186f6"},
    {file = "tomli-2.3.0-cp312-cp312-win32.whl", hash = "sha256:ff72b71b5d10d22ecb084d345fc26f42b5143c5533db5e2eaba7d2d335358876"},
    {file = "tomli-2.3.0-cp312-cp312-win_amd64.whl", hash = "sha256:1cb4ed918939151a03f33d4242ccd0aa5f11b3547d0cf30f7c74a408a5b99878"},
    {file = "tomli-2.3.0-cp313-cp313-macosx_10_13_x86_64.whl", hash = "sha256:5192f562738228945d7b13d4930baffda67b69425a7f0da96d360b0a3888136b"},
    {file = "tomli-2.3.0-cp313-cp313-macosx_11_0_arm64.whl", hash = "sha256:be71c93a63d738597996be9528f4abe628d1adf5e6eb11607bc8fe1a510b5dae"},
    {file = "tomli-2.3.0-cp313-cp313-manylinux2014_aarch64.manylinux_2_17_aarch64.manylinux_2_28_aarch64.whl", hash = "sha256:c4665508bcbac83a31ff8ab08f424b665200c0e1e645d2bd9ab3d3e557b6185b"},
    {file = "tomli-2.3.0-cp313-cp313-manylinux2014_x86_64.manylinux_2_17_x86_64.manylinux_2_28_x86_64.whl", hash = "sha256:4021923f97266babc6ccab9f5068642a0095faa0a51a246a6a02fccbb3514eaf"},
    {file = "tomli-2.3.0-cp313-cp313-musllinux_1_2_aarch64.whl", hash = "sha256:a4ea38c40145a357d513bffad0ed869f13c1773716cf71ccaa83b0fa0cc4e42f"},
    {file = "tomli-2.3.0-cp313-cp313-musllinux_1_2_x86_64.whl", hash = "sha256:ad805ea85eda330dbad64c7ea7a4556259665bdf9d2672f5dccc740eb9d3ca05"},
    {file = "tomli-2.3.0-cp313-cp313-win32.whl", hash = "sha256:97d5eec30149fd3294270e889b4234023f2c69747e555a27bd708828353ab606"},
    {file = "tomli-2.3.0-cp313-cp313-win_amd64.whl", hash = "sha256:0c95ca56fbe89e065c6ead5b593ee64b84a26fca063b5d71a1122bf26e533999"},
    {file = "tomli-2.3.0-cp314-cp314-macosx_10_13_x86_64.whl", hash = "sha256:cebc6fe843e0733ee827a282aca4999b596241195f43b4cc371d64fc6639da9e"},
    {file = "tomli-2.3.0-cp314-cp314-macosx_11_0_arm64.whl", hash = "sha256:4c2ef0244c75aba9355561272009d934953817c49f47d768070c3c94355c2aa3"},
    {file = "tomli-2.3.0-cp314-cp314-manylinux2014_aarch64.manylinux_2_17_aarch64.manylinux_2_28_aarch64.whl", hash = "sha256:c22a8bf253bacc0cf11f35ad9808b6cb75ada2631c2d97c971122583b129afbc"},
    {file = "tomli-2.3.0-cp314-cp314-manylinux2014_x86_64.manylinux_2_17_x86_64.manylinux_2_28_x86_64.whl", hash = "sha256:0eea8cc5c5e9f89c9b90c4896a8deefc74f518db5927d0e0e8d4a80953d774d0"},
    {file = "tomli-2.3.0-cp314-cp314-musllinux_1_2_aarch64.whl", hash = "sha256:b74a0e59ec5d15127acdabd75ea17726ac4c5178ae51b85bfe39c4f8a278e879"},
    {file = "tomli-2.3.0-cp314-cp314-musllinux_1_2_x86_64.whl", hash = "sha256:b5870b50c9db823c595983571d1296a6ff3e1b88f734a4c8f6fc6188397de005"},
    {file = "tomli-2.3.0-cp314-cp314-win32.whl", hash = "sha256:feb0dacc61170ed7ab602d3d972a58f14ee3ee60494292d384649a3dc38ef463"},
    {file = "tomli-2.3.0-cp314-cp314-win_amd64.whl", hash = "sha256:b273fcbd7fc64dc3600c098e39136522650c49bca95df2d11cf3b626422392c8"},
    {file = "tomli-2.3.0-cp314-cp314t-macosx_10_13_x86_64.whl", hash = "sha256:940d56ee0410fa17ee1f12b817b37a4d4e4dc4d27340863cc67236c74f582e77"},
    {file = "tomli-2.3.0-cp314-cp314t-macosx_11_0_arm64.whl", hash = "sha256:f85209946d1fe94416debbb88d00eb92ce9cd5266775424ff81bc959e001acaf"},
    {file = "tomli-2.3.0-cp314-cp314t-manylinux2014_aarch64.manylinux_2_17_aarch64.manylinux_2_28_aarch64.whl", hash = "sha256:a56212bdcce682e56b0aaf79e869ba5d15a6163f88d5451cbde388d48b13f530"},
    {file = "tomli-2.3.0-cp314-cp314t-manylinux2014_x86_64.manylinux_2_17_x86_64.manylinux_2_28_x86_64.whl", hash = "sha256:c5f3ffd1e098dfc032d4d3af5c0ac64f6d286d98bc148698356847b80fa4de1b"},
    {file = "tomli-2.3.0-cp314-cp314t-musllinux_1_2_aarch64.whl", hash = "sha256:5e01decd096b1530d97d5d85cb4dff4af2d8347bd35686654a004f8dea20fc67"},
    {file = "tomli-2.3.0-cp314-cp314t-musllinux_1_2_x86_64.whl", hash = "sha256:8a35dd0e643bb2610f156cca8db95d213a90015c11fee76c946aa62b7ae7e02f"},
    {file = "tomli-2.3.0-cp314-cp314t-win32.whl", hash = "sha256:a1f7f282fe248311650081faafa5f4732bdbfef5d45fe3f2e702fbc6f2d496e0"},
    {file = "tomli-2.3.0-cp314-cp314t-win_amd64.whl", hash = "sha256:70a251f8d4ba2d9ac2542eecf008b3c8a9fc5c3f9f02c56a9d7952612be2fdba"},
    {file = "tomli-2.3.0-py3-none-any.whl", hash = "sha256:e95b1af3c5b07d9e643909b5abbec77cd9f1217e6d0bca72b0234736b9fb1f1b"},
    {file = "tomli-2.3.0.tar.gz", hash = "sha256:64be704a875d2a59753d80ee8a533c3fe183e3f06807ff7dc2232938ccb01549"},
]

[metadata]
lock-version = "2.1"
python-versions = ">=3.9"
content-hash = "bb089361adbb1e15cddac6afaebeb4201f7b0761399e33d37d8a624b023c092f"
